// !$*UTF8*$!
{
	archiveVersion = 1;
	classes = {
	};
	objectVersion = 46;
	objects = {

/* Begin PBXBuildFile section */
		EAB3B8E519588DC7001E0360 /* Foundation.framework in Frameworks */ = {isa = PBXBuildFile; fileRef = EAB3B8E419588DC7001E0360 /* Foundation.framework */; };
		EAB3B8E719588DC7001E0360 /* CoreGraphics.framework in Frameworks */ = {isa = PBXBuildFile; fileRef = EAB3B8E619588DC7001E0360 /* CoreGraphics.framework */; };
		EAB3B8E919588DC7001E0360 /* UIKit.framework in Frameworks */ = {isa = PBXBuildFile; fileRef = EAB3B8E819588DC7001E0360 /* UIKit.framework */; };
		EAB3B8EF19588DC7001E0360 /* InfoPlist.strings in Resources */ = {isa = PBXBuildFile; fileRef = EAB3B8ED19588DC7001E0360 /* InfoPlist.strings */; };
		EAB3B8F119588DC7001E0360 /* main.m in Sources */ = {isa = PBXBuildFile; fileRef = EAB3B8F019588DC7001E0360 /* main.m */; };
		EAB3B8F519588DC7001E0360 /* RWTAppDelegate.m in Sources */ = {isa = PBXBuildFile; fileRef = EAB3B8F419588DC7001E0360 /* RWTAppDelegate.m */; };
		EAB3B8F819588DC7001E0360 /* Main.storyboard in Resources */ = {isa = PBXBuildFile; fileRef = EAB3B8F619588DC7001E0360 /* Main.storyboard */; };
		EAB3B8FB19588DC7001E0360 /* RWTViewController.m in Sources */ = {isa = PBXBuildFile; fileRef = EAB3B8FA19588DC7001E0360 /* RWTViewController.m */; };
		EAB3B8FD19588DC7001E0360 /* Images.xcassets in Resources */ = {isa = PBXBuildFile; fileRef = EAB3B8FC19588DC7001E0360 /* Images.xcassets */; };
		EAB3B90419588DC7001E0360 /* XCTest.framework in Frameworks */ = {isa = PBXBuildFile; fileRef = EAB3B90319588DC7001E0360 /* XCTest.framework */; };
		EAB3B90519588DC7001E0360 /* Foundation.framework in Frameworks */ = {isa = PBXBuildFile; fileRef = EAB3B8E419588DC7001E0360 /* Foundation.framework */; };
		EAB3B90619588DC7001E0360 /* UIKit.framework in Frameworks */ = {isa = PBXBuildFile; fileRef = EAB3B8E819588DC7001E0360 /* UIKit.framework */; };
		EAB3B90E19588DC7001E0360 /* InfoPlist.strings in Resources */ = {isa = PBXBuildFile; fileRef = EAB3B90C19588DC7001E0360 /* InfoPlist.strings */; };
		EAB3B91019588DC7001E0360 /* RatingsTests.m in Sources */ = {isa = PBXBuildFile; fileRef = EAB3B90F19588DC7001E0360 /* RatingsTests.m */; };
		EAB3B9321958C69F001E0360 /* 1Star.png in Resources */ = {isa = PBXBuildFile; fileRef = EAB3B91A1958C69F001E0360 /* 1Star.png */; };
		EAB3B9331958C69F001E0360 /* 1Star@2x.png in Resources */ = {isa = PBXBuildFile; fileRef = EAB3B91B1958C69F001E0360 /* 1Star@2x.png */; };
		EAB3B9341958C69F001E0360 /* 1StarSmall.png in Resources */ = {isa = PBXBuildFile; fileRef = EAB3B91C1958C69F001E0360 /* 1StarSmall.png */; };
		EAB3B9351958C69F001E0360 /* 1StarSmall@2x.png in Resources */ = {isa = PBXBuildFile; fileRef = EAB3B91D1958C69F001E0360 /* 1StarSmall@2x.png */; };
		EAB3B9361958C69F001E0360 /* 2Stars.png in Resources */ = {isa = PBXBuildFile; fileRef = EAB3B91E1958C69F001E0360 /* 2Stars.png */; };
		EAB3B9371958C69F001E0360 /* 2Stars@2x.png in Resources */ = {isa = PBXBuildFile; fileRef = EAB3B91F1958C69F001E0360 /* 2Stars@2x.png */; };
		EAB3B9381958C69F001E0360 /* 2StarsSmall.png in Resources */ = {isa = PBXBuildFile; fileRef = EAB3B9201958C69F001E0360 /* 2StarsSmall.png */; };
		EAB3B9391958C69F001E0360 /* 2StarsSmall@2x.png in Resources */ = {isa = PBXBuildFile; fileRef = EAB3B9211958C69F001E0360 /* 2StarsSmall@2x.png */; };
		EAB3B93A1958C69F001E0360 /* 3Stars.png in Resources */ = {isa = PBXBuildFile; fileRef = EAB3B9221958C69F001E0360 /* 3Stars.png */; };
		EAB3B93B1958C69F001E0360 /* 3Stars@2x.png in Resources */ = {isa = PBXBuildFile; fileRef = EAB3B9231958C69F001E0360 /* 3Stars@2x.png */; };
		EAB3B93C1958C69F001E0360 /* 3StarsSmall.png in Resources */ = {isa = PBXBuildFile; fileRef = EAB3B9241958C69F001E0360 /* 3StarsSmall.png */; };
		EAB3B93D1958C69F001E0360 /* 3StarsSmall@2x.png in Resources */ = {isa = PBXBuildFile; fileRef = EAB3B9251958C69F001E0360 /* 3StarsSmall@2x.png */; };
		EAB3B93E1958C69F001E0360 /* 4Stars.png in Resources */ = {isa = PBXBuildFile; fileRef = EAB3B9261958C69F001E0360 /* 4Stars.png */; };
		EAB3B93F1958C69F001E0360 /* 4Stars@2x.png in Resources */ = {isa = PBXBuildFile; fileRef = EAB3B9271958C69F001E0360 /* 4Stars@2x.png */; };
		EAB3B9401958C69F001E0360 /* 4StarsSmall.png in Resources */ = {isa = PBXBuildFile; fileRef = EAB3B9281958C69F001E0360 /* 4StarsSmall.png */; };
		EAB3B9411958C69F001E0360 /* 4StarsSmall@2x.png in Resources */ = {isa = PBXBuildFile; fileRef = EAB3B9291958C69F001E0360 /* 4StarsSmall@2x.png */; };
		EAB3B9421958C69F001E0360 /* 5Stars.png in Resources */ = {isa = PBXBuildFile; fileRef = EAB3B92A1958C69F001E0360 /* 5Stars.png */; };
		EAB3B9431958C69F001E0360 /* 5Stars@2x.png in Resources */ = {isa = PBXBuildFile; fileRef = EAB3B92B1958C69F001E0360 /* 5Stars@2x.png */; };
		EAB3B9441958C69F001E0360 /* 5StarsSmall.png in Resources */ = {isa = PBXBuildFile; fileRef = EAB3B92C1958C69F001E0360 /* 5StarsSmall.png */; };
		EAB3B9451958C69F001E0360 /* 5StarsSmall@2x.png in Resources */ = {isa = PBXBuildFile; fileRef = EAB3B92D1958C69F001E0360 /* 5StarsSmall@2x.png */; };
		EAB3B9461958C69F001E0360 /* Gestures.png in Resources */ = {isa = PBXBuildFile; fileRef = EAB3B92E1958C69F001E0360 /* Gestures.png */; };
		EAB3B9471958C69F001E0360 /* Gestures@2x.png in Resources */ = {isa = PBXBuildFile; fileRef = EAB3B92F1958C69F001E0360 /* Gestures@2x.png */; };
		EAB3B9481958C69F001E0360 /* Players.png in Resources */ = {isa = PBXBuildFile; fileRef = EAB3B9301958C69F001E0360 /* Players.png */; };
		EAB3B9491958C69F001E0360 /* Players@2x.png in Resources */ = {isa = PBXBuildFile; fileRef = EAB3B9311958C69F001E0360 /* Players@2x.png */; };
		EAB3B94C1958C998001E0360 /* PlayersViewController.m in Sources */ = {isa = PBXBuildFile; fileRef = EAB3B94B1958C998001E0360 /* PlayersViewController.m */; };
		EAB3B94F1958CA23001E0360 /* Player.m in Sources */ = {isa = PBXBuildFile; fileRef = EAB3B94E1958CA23001E0360 /* Player.m */; };
		EAB3B9521958D425001E0360 /* PlayerCell.m in Sources */ = {isa = PBXBuildFile; fileRef = EAB3B9511958D425001E0360 /* PlayerCell.m */; };
		EAB93C331958DFDC004C9BA5 /* PlayerDetailsViewController.m in Sources */ = {isa = PBXBuildFile; fileRef = EAB93C321958DFDC004C9BA5 /* PlayerDetailsViewController.m */; };
/* End PBXBuildFile section */

/* Begin PBXContainerItemProxy section */
		EAB3B90719588DC7001E0360 /* PBXContainerItemProxy */ = {
			isa = PBXContainerItemProxy;
			containerPortal = EAB3B8D919588DC7001E0360 /* Project object */;
			proxyType = 1;
			remoteGlobalIDString = EAB3B8E019588DC7001E0360;
			remoteInfo = Ratings;
		};
/* End PBXContainerItemProxy section */

/* Begin PBXFileReference section */
		EAB3B8E119588DC7001E0360 /* Ratings.app */ = {isa = PBXFileReference; explicitFileType = wrapper.application; includeInIndex = 0; path = Ratings.app; sourceTree = BUILT_PRODUCTS_DIR; };
		EAB3B8E419588DC7001E0360 /* Foundation.framework */ = {isa = PBXFileReference; lastKnownFileType = wrapper.framework; name = Foundation.framework; path = System/Library/Frameworks/Foundation.framework; sourceTree = SDKROOT; };
		EAB3B8E619588DC7001E0360 /* CoreGraphics.framework */ = {isa = PBXFileReference; lastKnownFileType = wrapper.framework; name = CoreGraphics.framework; path = System/Library/Frameworks/CoreGraphics.framework; sourceTree = SDKROOT; };
		EAB3B8E819588DC7001E0360 /* UIKit.framework */ = {isa = PBXFileReference; lastKnownFileType = wrapper.framework; name = UIKit.framework; path = System/Library/Frameworks/UIKit.framework; sourceTree = SDKROOT; };
		EAB3B8EC19588DC7001E0360 /* Ratings-Info.plist */ = {isa = PBXFileReference; lastKnownFileType = text.plist.xml; path = "Ratings-Info.plist"; sourceTree = "<group>"; };
		EAB3B8EE19588DC7001E0360 /* en */ = {isa = PBXFileReference; lastKnownFileType = text.plist.strings; name = en; path = en.lproj/InfoPlist.strings; sourceTree = "<group>"; };
		EAB3B8F019588DC7001E0360 /* main.m */ = {isa = PBXFileReference; lastKnownFileType = sourcecode.c.objc; path = main.m; sourceTree = "<group>"; };
		EAB3B8F219588DC7001E0360 /* Ratings-Prefix.pch */ = {isa = PBXFileReference; lastKnownFileType = sourcecode.c.h; path = "Ratings-Prefix.pch"; sourceTree = "<group>"; };
		EAB3B8F319588DC7001E0360 /* RWTAppDelegate.h */ = {isa = PBXFileReference; lastKnownFileType = sourcecode.c.h; path = RWTAppDelegate.h; sourceTree = "<group>"; };
		EAB3B8F419588DC7001E0360 /* RWTAppDelegate.m */ = {isa = PBXFileReference; lastKnownFileType = sourcecode.c.objc; path = RWTAppDelegate.m; sourceTree = "<group>"; };
		EAB3B8F719588DC7001E0360 /* Base */ = {isa = PBXFileReference; lastKnownFileType = file.storyboard; name = Base; path = Base.lproj/Main.storyboard; sourceTree = "<group>"; };
		EAB3B8F919588DC7001E0360 /* RWTViewController.h */ = {isa = PBXFileReference; lastKnownFileType = sourcecode.c.h; path = RWTViewController.h; sourceTree = "<group>"; };
		EAB3B8FA19588DC7001E0360 /* RWTViewController.m */ = {isa = PBXFileReference; lastKnownFileType = sourcecode.c.objc; path = RWTViewController.m; sourceTree = "<group>"; };
		EAB3B8FC19588DC7001E0360 /* Images.xcassets */ = {isa = PBXFileReference; lastKnownFileType = folder.assetcatalog; path = Images.xcassets; sourceTree = "<group>"; };
		EAB3B90219588DC7001E0360 /* RatingsTests.xctest */ = {isa = PBXFileReference; explicitFileType = wrapper.cfbundle; includeInIndex = 0; path = RatingsTests.xctest; sourceTree = BUILT_PRODUCTS_DIR; };
		EAB3B90319588DC7001E0360 /* XCTest.framework */ = {isa = PBXFileReference; lastKnownFileType = wrapper.framework; name = XCTest.framework; path = Library/Frameworks/XCTest.framework; sourceTree = DEVELOPER_DIR; };
		EAB3B90B19588DC7001E0360 /* RatingsTests-Info.plist */ = {isa = PBXFileReference; lastKnownFileType = text.plist.xml; path = "RatingsTests-Info.plist"; sourceTree = "<group>"; };
		EAB3B90D19588DC7001E0360 /* en */ = {isa = PBXFileReference; lastKnownFileType = text.plist.strings; name = en; path = en.lproj/InfoPlist.strings; sourceTree = "<group>"; };
		EAB3B90F19588DC7001E0360 /* RatingsTests.m */ = {isa = PBXFileReference; lastKnownFileType = sourcecode.c.objc; path = RatingsTests.m; sourceTree = "<group>"; };
		EAB3B91A1958C69F001E0360 /* 1Star.png */ = {isa = PBXFileReference; lastKnownFileType = image.png; path = 1Star.png; sourceTree = "<group>"; };
		EAB3B91B1958C69F001E0360 /* 1Star@2x.png */ = {isa = PBXFileReference; lastKnownFileType = image.png; path = "1Star@2x.png"; sourceTree = "<group>"; };
		EAB3B91C1958C69F001E0360 /* 1StarSmall.png */ = {isa = PBXFileReference; lastKnownFileType = image.png; path = 1StarSmall.png; sourceTree = "<group>"; };
		EAB3B91D1958C69F001E0360 /* 1StarSmall@2x.png */ = {isa = PBXFileReference; lastKnownFileType = image.png; path = "1StarSmall@2x.png"; sourceTree = "<group>"; };
		EAB3B91E1958C69F001E0360 /* 2Stars.png */ = {isa = PBXFileReference; lastKnownFileType = image.png; path = 2Stars.png; sourceTree = "<group>"; };
		EAB3B91F1958C69F001E0360 /* 2Stars@2x.png */ = {isa = PBXFileReference; lastKnownFileType = image.png; path = "2Stars@2x.png"; sourceTree = "<group>"; };
		EAB3B9201958C69F001E0360 /* 2StarsSmall.png */ = {isa = PBXFileReference; lastKnownFileType = image.png; path = 2StarsSmall.png; sourceTree = "<group>"; };
		EAB3B9211958C69F001E0360 /* 2StarsSmall@2x.png */ = {isa = PBXFileReference; lastKnownFileType = image.png; path = "2StarsSmall@2x.png"; sourceTree = "<group>"; };
		EAB3B9221958C69F001E0360 /* 3Stars.png */ = {isa = PBXFileReference; lastKnownFileType = image.png; path = 3Stars.png; sourceTree = "<group>"; };
		EAB3B9231958C69F001E0360 /* 3Stars@2x.png */ = {isa = PBXFileReference; lastKnownFileType = image.png; path = "3Stars@2x.png"; sourceTree = "<group>"; };
		EAB3B9241958C69F001E0360 /* 3StarsSmall.png */ = {isa = PBXFileReference; lastKnownFileType = image.png; path = 3StarsSmall.png; sourceTree = "<group>"; };
		EAB3B9251958C69F001E0360 /* 3StarsSmall@2x.png */ = {isa = PBXFileReference; lastKnownFileType = image.png; path = "3StarsSmall@2x.png"; sourceTree = "<group>"; };
		EAB3B9261958C69F001E0360 /* 4Stars.png */ = {isa = PBXFileReference; lastKnownFileType = image.png; path = 4Stars.png; sourceTree = "<group>"; };
		EAB3B9271958C69F001E0360 /* 4Stars@2x.png */ = {isa = PBXFileReference; lastKnownFileType = image.png; path = "4Stars@2x.png"; sourceTree = "<group>"; };
		EAB3B9281958C69F001E0360 /* 4StarsSmall.png */ = {isa = PBXFileReference; lastKnownFileType = image.png; path = 4StarsSmall.png; sourceTree = "<group>"; };
		EAB3B9291958C69F001E0360 /* 4StarsSmall@2x.png */ = {isa = PBXFileReference; lastKnownFileType = image.png; path = "4StarsSmall@2x.png"; sourceTree = "<group>"; };
		EAB3B92A1958C69F001E0360 /* 5Stars.png */ = {isa = PBXFileReference; lastKnownFileType = image.png; path = 5Stars.png; sourceTree = "<group>"; };
		EAB3B92B1958C69F001E0360 /* 5Stars@2x.png */ = {isa = PBXFileReference; lastKnownFileType = image.png; path = "5Stars@2x.png"; sourceTree = "<group>"; };
		EAB3B92C1958C69F001E0360 /* 5StarsSmall.png */ = {isa = PBXFileReference; lastKnownFileType = image.png; path = 5StarsSmall.png; sourceTree = "<group>"; };
		EAB3B92D1958C69F001E0360 /* 5StarsSmall@2x.png */ = {isa = PBXFileReference; lastKnownFileType = image.png; path = "5StarsSmall@2x.png"; sourceTree = "<group>"; };
		EAB3B92E1958C69F001E0360 /* Gestures.png */ = {isa = PBXFileReference; lastKnownFileType = image.png; path = Gestures.png; sourceTree = "<group>"; };
		EAB3B92F1958C69F001E0360 /* Gestures@2x.png */ = {isa = PBXFileReference; lastKnownFileType = image.png; path = "Gestures@2x.png"; sourceTree = "<group>"; };
		EAB3B9301958C69F001E0360 /* Players.png */ = {isa = PBXFileReference; lastKnownFileType = image.png; path = Players.png; sourceTree = "<group>"; };
		EAB3B9311958C69F001E0360 /* Players@2x.png */ = {isa = PBXFileReference; lastKnownFileType = image.png; path = "Players@2x.png"; sourceTree = "<group>"; };
		EAB3B94A1958C998001E0360 /* PlayersViewController.h */ = {isa = PBXFileReference; fileEncoding = 4; lastKnownFileType = sourcecode.c.h; path = PlayersViewController.h; sourceTree = "<group>"; };
		EAB3B94B1958C998001E0360 /* PlayersViewController.m */ = {isa = PBXFileReference; fileEncoding = 4; lastKnownFileType = sourcecode.c.objc; path = PlayersViewController.m; sourceTree = "<group>"; };
		EAB3B94D1958CA23001E0360 /* Player.h */ = {isa = PBXFileReference; fileEncoding = 4; lastKnownFileType = sourcecode.c.h; path = Player.h; sourceTree = "<group>"; };
		EAB3B94E1958CA23001E0360 /* Player.m */ = {isa = PBXFileReference; fileEncoding = 4; lastKnownFileType = sourcecode.c.objc; path = Player.m; sourceTree = "<group>"; };
		EAB3B9501958D425001E0360 /* PlayerCell.h */ = {isa = PBXFileReference; fileEncoding = 4; lastKnownFileType = sourcecode.c.h; path = PlayerCell.h; sourceTree = "<group>"; };
		EAB3B9511958D425001E0360 /* PlayerCell.m */ = {isa = PBXFileReference; fileEncoding = 4; lastKnownFileType = sourcecode.c.objc; path = PlayerCell.m; sourceTree = "<group>"; };
		EAB93C311958DFDC004C9BA5 /* PlayerDetailsViewController.h */ = {isa = PBXFileReference; fileEncoding = 4; lastKnownFileType = sourcecode.c.h; path = PlayerDetailsViewController.h; sourceTree = "<group>"; };
		EAB93C321958DFDC004C9BA5 /* PlayerDetailsViewController.m */ = {isa = PBXFileReference; fileEncoding = 4; lastKnownFileType = sourcecode.c.objc; path = PlayerDetailsViewController.m; sourceTree = "<group>"; };
/* End PBXFileReference section */

/* Begin PBXFrameworksBuildPhase section */
		EAB3B8DE19588DC7001E0360 /* Frameworks */ = {
			isa = PBXFrameworksBuildPhase;
			buildActionMask = 2147483647;
			files = (
				EAB3B8E719588DC7001E0360 /* CoreGraphics.framework in Frameworks */,
				EAB3B8E919588DC7001E0360 /* UIKit.framework in Frameworks */,
				EAB3B8E519588DC7001E0360 /* Foundation.framework in Frameworks */,
			);
			runOnlyForDeploymentPostprocessing = 0;
		};
		EAB3B8FF19588DC7001E0360 /* Frameworks */ = {
			isa = PBXFrameworksBuildPhase;
			buildActionMask = 2147483647;
			files = (
				EAB3B90419588DC7001E0360 /* XCTest.framework in Frameworks */,
				EAB3B90619588DC7001E0360 /* UIKit.framework in Frameworks */,
				EAB3B90519588DC7001E0360 /* Foundation.framework in Frameworks */,
			);
			runOnlyForDeploymentPostprocessing = 0;
		};
/* End PBXFrameworksBuildPhase section */

/* Begin PBXGroup section */
		EAB3B8D819588DC7001E0360 = {
			isa = PBXGroup;
			children = (
				EAB3B8EA19588DC7001E0360 /* Ratings */,
				EAB3B90919588DC7001E0360 /* RatingsTests */,
				EAB3B8E319588DC7001E0360 /* Frameworks */,
				EAB3B8E219588DC7001E0360 /* Products */,
			);
			sourceTree = "<group>";
		};
		EAB3B8E219588DC7001E0360 /* Products */ = {
			isa = PBXGroup;
			children = (
				EAB3B8E119588DC7001E0360 /* Ratings.app */,
				EAB3B90219588DC7001E0360 /* RatingsTests.xctest */,
			);
			name = Products;
			sourceTree = "<group>";
		};
		EAB3B8E319588DC7001E0360 /* Frameworks */ = {
			isa = PBXGroup;
			children = (
				EAB3B8E419588DC7001E0360 /* Foundation.framework */,
				EAB3B8E619588DC7001E0360 /* CoreGraphics.framework */,
				EAB3B8E819588DC7001E0360 /* UIKit.framework */,
				EAB3B90319588DC7001E0360 /* XCTest.framework */,
			);
			name = Frameworks;
			sourceTree = "<group>";
		};
		EAB3B8EA19588DC7001E0360 /* Ratings */ = {
			isa = PBXGroup;
			children = (
				EAB3B9191958C69F001E0360 /* Images */,
				EAB3B8F319588DC7001E0360 /* RWTAppDelegate.h */,
				EAB3B8F419588DC7001E0360 /* RWTAppDelegate.m */,
				EAB3B8F619588DC7001E0360 /* Main.storyboard */,
				EAB3B8F919588DC7001E0360 /* RWTViewController.h */,
				EAB3B8FA19588DC7001E0360 /* RWTViewController.m */,
				EAB3B8FC19588DC7001E0360 /* Images.xcassets */,
				EAB3B8EB19588DC7001E0360 /* Supporting Files */,
				EAB3B94A1958C998001E0360 /* PlayersViewController.h */,
				EAB3B94B1958C998001E0360 /* PlayersViewController.m */,
				EAB3B94D1958CA23001E0360 /* Player.h */,
				EAB3B94E1958CA23001E0360 /* Player.m */,
				EAB3B9501958D425001E0360 /* PlayerCell.h */,
				EAB3B9511958D425001E0360 /* PlayerCell.m */,
				EAB93C311958DFDC004C9BA5 /* PlayerDetailsViewController.h */,
				EAB93C321958DFDC004C9BA5 /* PlayerDetailsViewController.m */,
			);
			path = Ratings;
			sourceTree = "<group>";
		};
		EAB3B8EB19588DC7001E0360 /* Supporting Files */ = {
			isa = PBXGroup;
			children = (
				EAB3B8EC19588DC7001E0360 /* Ratings-Info.plist */,
				EAB3B8ED19588DC7001E0360 /* InfoPlist.strings */,
				EAB3B8F019588DC7001E0360 /* main.m */,
				EAB3B8F219588DC7001E0360 /* Ratings-Prefix.pch */,
			);
			name = "Supporting Files";
			sourceTree = "<group>";
		};
		EAB3B90919588DC7001E0360 /* RatingsTests */ = {
			isa = PBXGroup;
			children = (
				EAB3B90F19588DC7001E0360 /* RatingsTests.m */,
				EAB3B90A19588DC7001E0360 /* Supporting Files */,
			);
			path = RatingsTests;
			sourceTree = "<group>";
		};
		EAB3B90A19588DC7001E0360 /* Supporting Files */ = {
			isa = PBXGroup;
			children = (
				EAB3B90B19588DC7001E0360 /* RatingsTests-Info.plist */,
				EAB3B90C19588DC7001E0360 /* InfoPlist.strings */,
			);
			name = "Supporting Files";
			sourceTree = "<group>";
		};
		EAB3B9191958C69F001E0360 /* Images */ = {
			isa = PBXGroup;
			children = (
				EAB3B91A1958C69F001E0360 /* 1Star.png */,
				EAB3B91B1958C69F001E0360 /* 1Star@2x.png */,
				EAB3B91C1958C69F001E0360 /* 1StarSmall.png */,
				EAB3B91D1958C69F001E0360 /* 1StarSmall@2x.png */,
				EAB3B91E1958C69F001E0360 /* 2Stars.png */,
				EAB3B91F1958C69F001E0360 /* 2Stars@2x.png */,
				EAB3B9201958C69F001E0360 /* 2StarsSmall.png */,
				EAB3B9211958C69F001E0360 /* 2StarsSmall@2x.png */,
				EAB3B9221958C69F001E0360 /* 3Stars.png */,
				EAB3B9231958C69F001E0360 /* 3Stars@2x.png */,
				EAB3B9241958C69F001E0360 /* 3StarsSmall.png */,
				EAB3B9251958C69F001E0360 /* 3StarsSmall@2x.png */,
				EAB3B9261958C69F001E0360 /* 4Stars.png */,
				EAB3B9271958C69F001E0360 /* 4Stars@2x.png */,
				EAB3B9281958C69F001E0360 /* 4StarsSmall.png */,
				EAB3B9291958C69F001E0360 /* 4StarsSmall@2x.png */,
				EAB3B92A1958C69F001E0360 /* 5Stars.png */,
				EAB3B92B1958C69F001E0360 /* 5Stars@2x.png */,
				EAB3B92C1958C69F001E0360 /* 5StarsSmall.png */,
				EAB3B92D1958C69F001E0360 /* 5StarsSmall@2x.png */,
				EAB3B92E1958C69F001E0360 /* Gestures.png */,
				EAB3B92F1958C69F001E0360 /* Gestures@2x.png */,
				EAB3B9301958C69F001E0360 /* Players.png */,
				EAB3B9311958C69F001E0360 /* Players@2x.png */,
			);
			path = Images;
			sourceTree = "<group>";
		};
/* End PBXGroup section */

/* Begin PBXNativeTarget section */
		EAB3B8E019588DC7001E0360 /* Ratings */ = {
			isa = PBXNativeTarget;
			buildConfigurationList = EAB3B91319588DC7001E0360 /* Build configuration list for PBXNativeTarget "Ratings" */;
			buildPhases = (
				EAB3B8DD19588DC7001E0360 /* Sources */,
				EAB3B8DE19588DC7001E0360 /* Frameworks */,
				EAB3B8DF19588DC7001E0360 /* Resources */,
			);
			buildRules = (
			);
			dependencies = (
			);
			name = Ratings;
			productName = Ratings;
			productReference = EAB3B8E119588DC7001E0360 /* Ratings.app */;
			productType = "com.apple.product-type.application";
		};
		EAB3B90119588DC7001E0360 /* RatingsTests */ = {
			isa = PBXNativeTarget;
			buildConfigurationList = EAB3B91619588DC7001E0360 /* Build configuration list for PBXNativeTarget "RatingsTests" */;
			buildPhases = (
				EAB3B8FE19588DC7001E0360 /* Sources */,
				EAB3B8FF19588DC7001E0360 /* Frameworks */,
				EAB3B90019588DC7001E0360 /* Resources */,
			);
			buildRules = (
			);
			dependencies = (
				EAB3B90819588DC7001E0360 /* PBXTargetDependency */,
			);
			name = RatingsTests;
			productName = RatingsTests;
			productReference = EAB3B90219588DC7001E0360 /* RatingsTests.xctest */;
			productType = "com.apple.product-type.bundle.unit-test";
		};
/* End PBXNativeTarget section */

/* Begin PBXProject section */
		EAB3B8D919588DC7001E0360 /* Project object */ = {
			isa = PBXProject;
			attributes = {
				CLASSPREFIX = RWT;
				LastUpgradeCheck = 0510;
				ORGANIZATIONNAME = ZeroLinux5;
				TargetAttributes = {
					EAB3B90119588DC7001E0360 = {
						TestTargetID = EAB3B8E019588DC7001E0360;
					};
				};
			};
			buildConfigurationList = EAB3B8DC19588DC7001E0360 /* Build configuration list for PBXProject "Ratings" */;
			compatibilityVersion = "Xcode 3.2";
			developmentRegion = English;
			hasScannedForEncodings = 0;
			knownRegions = (
				en,
				Base,
			);
			mainGroup = EAB3B8D819588DC7001E0360;
			productRefGroup = EAB3B8E219588DC7001E0360 /* Products */;
			projectDirPath = "";
			projectRoot = "";
			targets = (
				EAB3B8E019588DC7001E0360 /* Ratings */,
				EAB3B90119588DC7001E0360 /* RatingsTests */,
			);
		};
/* End PBXProject section */

/* Begin PBXResourcesBuildPhase section */
		EAB3B8DF19588DC7001E0360 /* Resources */ = {
			isa = PBXResourcesBuildPhase;
			buildActionMask = 2147483647;
			files = (
				EAB3B9381958C69F001E0360 /* 2StarsSmall.png in Resources */,
				EAB3B9441958C69F001E0360 /* 5StarsSmall.png in Resources */,
				EAB3B9371958C69F001E0360 /* 2Stars@2x.png in Resources */,
				EAB3B9401958C69F001E0360 /* 4StarsSmall.png in Resources */,
				EAB3B9351958C69F001E0360 /* 1StarSmall@2x.png in Resources */,
				EAB3B8FD19588DC7001E0360 /* Images.xcassets in Resources */,
				EAB3B9411958C69F001E0360 /* 4StarsSmall@2x.png in Resources */,
				EAB3B8EF19588DC7001E0360 /* InfoPlist.strings in Resources */,
				EAB3B9471958C69F001E0360 /* Gestures@2x.png in Resources */,
				EAB3B93A1958C69F001E0360 /* 3Stars.png in Resources */,
				EAB3B9461958C69F001E0360 /* Gestures.png in Resources */,
				EAB3B8F819588DC7001E0360 /* Main.storyboard in Resources */,
				EAB3B9481958C69F001E0360 /* Players.png in Resources */,
				EAB3B93C1958C69F001E0360 /* 3StarsSmall.png in Resources */,
				EAB3B9361958C69F001E0360 /* 2Stars.png in Resources */,
				EAB3B93D1958C69F001E0360 /* 3StarsSmall@2x.png in Resources */,
				EAB3B9341958C69F001E0360 /* 1StarSmall.png in Resources */,
				EAB3B93B1958C69F001E0360 /* 3Stars@2x.png in Resources */,
				EAB3B9491958C69F001E0360 /* Players@2x.png in Resources */,
				EAB3B9321958C69F001E0360 /* 1Star.png in Resources */,
				EAB3B9391958C69F001E0360 /* 2StarsSmall@2x.png in Resources */,
				EAB3B93E1958C69F001E0360 /* 4Stars.png in Resources */,
				EAB3B9331958C69F001E0360 /* 1Star@2x.png in Resources */,
				EAB3B9451958C69F001E0360 /* 5StarsSmall@2x.png in Resources */,
				EAB3B93F1958C69F001E0360 /* 4Stars@2x.png in Resources */,
				EAB3B9431958C69F001E0360 /* 5Stars@2x.png in Resources */,
				EAB3B9421958C69F001E0360 /* 5Stars.png in Resources */,
			);
			runOnlyForDeploymentPostprocessing = 0;
		};
		EAB3B90019588DC7001E0360 /* Resources */ = {
			isa = PBXResourcesBuildPhase;
			buildActionMask = 2147483647;
			files = (
				EAB3B90E19588DC7001E0360 /* InfoPlist.strings in Resources */,
			);
			runOnlyForDeploymentPostprocessing = 0;
		};
/* End PBXResourcesBuildPhase section */

/* Begin PBXSourcesBuildPhase section */
		EAB3B8DD19588DC7001E0360 /* Sources */ = {
			isa = PBXSourcesBuildPhase;
			buildActionMask = 2147483647;
			files = (
				EAB3B8FB19588DC7001E0360 /* RWTViewController.m in Sources */,
				EAB3B94C1958C998001E0360 /* PlayersViewController.m in Sources */,
				EAB3B8F519588DC7001E0360 /* RWTAppDelegate.m in Sources */,
				EAB3B8F119588DC7001E0360 /* main.m in Sources */,
				EAB3B9521958D425001E0360 /* PlayerCell.m in Sources */,
				EAB3B94F1958CA23001E0360 /* Player.m in Sources */,
				EAB93C331958DFDC004C9BA5 /* PlayerDetailsViewController.m in Sources */,
			);
			runOnlyForDeploymentPostprocessing = 0;
		};
		EAB3B8FE19588DC7001E0360 /* Sources */ = {
			isa = PBXSourcesBuildPhase;
			buildActionMask = 2147483647;
			files = (
				EAB3B91019588DC7001E0360 /* RatingsTests.m in Sources */,
			);
			runOnlyForDeploymentPostprocessing = 0;
		};
/* End PBXSourcesBuildPhase section */

/* Begin PBXTargetDependency section */
		EAB3B90819588DC7001E0360 /* PBXTargetDependency */ = {
			isa = PBXTargetDependency;
			target = EAB3B8E019588DC7001E0360 /* Ratings */;
			targetProxy = EAB3B90719588DC7001E0360 /* PBXContainerItemProxy */;
		};
/* End PBXTargetDependency section */

/* Begin PBXVariantGroup section */
		EAB3B8ED19588DC7001E0360 /* InfoPlist.strings */ = {
			isa = PBXVariantGroup;
			children = (
				EAB3B8EE19588DC7001E0360 /* en */,
			);
			name = InfoPlist.strings;
			sourceTree = "<group>";
		};
		EAB3B8F619588DC7001E0360 /* Main.storyboard */ = {
			isa = PBXVariantGroup;
			children = (
				EAB3B8F719588DC7001E0360 /* Base */,
			);
			name = Main.storyboard;
			sourceTree = "<group>";
		};
		EAB3B90C19588DC7001E0360 /* InfoPlist.strings */ = {
			isa = PBXVariantGroup;
			children = (
				EAB3B90D19588DC7001E0360 /* en */,
			);
			name = InfoPlist.strings;
			sourceTree = "<group>";
		};
/* End PBXVariantGroup section */

/* Begin XCBuildConfiguration section */
		EAB3B91119588DC7001E0360 /* Debug */ = {
			isa = XCBuildConfiguration;
			buildSettings = {
				ALWAYS_SEARCH_USER_PATHS = NO;
				CLANG_CXX_LANGUAGE_STANDARD = "gnu++0x";
				CLANG_CXX_LIBRARY = "libc++";
				CLANG_ENABLE_MODULES = YES;
				CLANG_ENABLE_OBJC_ARC = YES;
				CLANG_WARN_BOOL_CONVERSION = YES;
				CLANG_WARN_CONSTANT_CONVERSION = YES;
				CLANG_WARN_DIRECT_OBJC_ISA_USAGE = YES_ERROR;
				CLANG_WARN_EMPTY_BODY = YES;
				CLANG_WARN_ENUM_CONVERSION = YES;
				CLANG_WARN_INT_CONVERSION = YES;
				CLANG_WARN_OBJC_ROOT_CLASS = YES_ERROR;
				CLANG_WARN__DUPLICATE_METHOD_MATCH = YES;
				"CODE_SIGN_IDENTITY[sdk=iphoneos*]" = "iPhone Developer";
				COPY_PHASE_STRIP = NO;
				GCC_C_LANGUAGE_STANDARD = gnu99;
				GCC_DYNAMIC_NO_PIC = NO;
				GCC_OPTIMIZATION_LEVEL = 0;
				GCC_PREPROCESSOR_DEFINITIONS = (
					"DEBUG=1",
					"$(inherited)",
				);
				GCC_SYMBOLS_PRIVATE_EXTERN = NO;
				GCC_WARN_64_TO_32_BIT_CONVERSION = YES;
				GCC_WARN_ABOUT_RETURN_TYPE = YES_ERROR;
				GCC_WARN_UNDECLARED_SELECTOR = YES;
				GCC_WARN_UNINITIALIZED_AUTOS = YES_AGGRESSIVE;
				GCC_WARN_UNUSED_FUNCTION = YES;
				GCC_WARN_UNUSED_VARIABLE = YES;
				IPHONEOS_DEPLOYMENT_TARGET = 7.1;
				ONLY_ACTIVE_ARCH = YES;
				SDKROOT = iphoneos;
			};
			name = Debug;
		};
		EAB3B91219588DC7001E0360 /* Release */ = {
			isa = XCBuildConfiguration;
			buildSettings = {
				ALWAYS_SEARCH_USER_PATHS = NO;
				CLANG_CXX_LANGUAGE_STANDARD = "gnu++0x";
				CLANG_CXX_LIBRARY = "libc++";
				CLANG_ENABLE_MODULES = YES;
				CLANG_ENABLE_OBJC_ARC = YES;
				CLANG_WARN_BOOL_CONVERSION = YES;
				CLANG_WARN_CONSTANT_CONVERSION = YES;
				CLANG_WARN_DIRECT_OBJC_ISA_USAGE = YES_ERROR;
				CLANG_WARN_EMPTY_BODY = YES;
				CLANG_WARN_ENUM_CONVERSION = YES;
				CLANG_WARN_INT_CONVERSION = YES;
				CLANG_WARN_OBJC_ROOT_CLASS = YES_ERROR;
				CLANG_WARN__DUPLICATE_METHOD_MATCH = YES;
				"CODE_SIGN_IDENTITY[sdk=iphoneos*]" = "iPhone Developer";
				COPY_PHASE_STRIP = YES;
				ENABLE_NS_ASSERTIONS = NO;
				GCC_C_LANGUAGE_STANDARD = gnu99;
				GCC_WARN_64_TO_32_BIT_CONVERSION = YES;
				GCC_WARN_ABOUT_RETURN_TYPE = YES_ERROR;
				GCC_WARN_UNDECLARED_SELECTOR = YES;
				GCC_WARN_UNINITIALIZED_AUTOS = YES_AGGRESSIVE;
				GCC_WARN_UNUSED_FUNCTION = YES;
				GCC_WARN_UNUSED_VARIABLE = YES;
				IPHONEOS_DEPLOYMENT_TARGET = 7.1;
				SDKROOT = iphoneos;
				VALIDATE_PRODUCT = YES;
			};
			name = Release;
		};
		EAB3B91419588DC7001E0360 /* Debug */ = {
			isa = XCBuildConfiguration;
			buildSettings = {
				ASSETCATALOG_COMPILER_APPICON_NAME = AppIcon;
				ASSETCATALOG_COMPILER_LAUNCHIMAGE_NAME = LaunchImage;
				GCC_PRECOMPILE_PREFIX_HEADER = YES;
				GCC_PREFIX_HEADER = "Ratings/Ratings-Prefix.pch";
				INFOPLIST_FILE = "Ratings/Ratings-Info.plist";
				PRODUCT_NAME = "$(TARGET_NAME)";
				WRAPPER_EXTENSION = app;
			};
			name = Debug;
		};
		EAB3B91519588DC7001E0360 /* Release */ = {
			isa = XCBuildConfiguration;
			buildSettings = {
				ASSETCATALOG_COMPILER_APPICON_NAME = AppIcon;
				ASSETCATALOG_COMPILER_LAUNCHIMAGE_NAME = LaunchImage;
				GCC_PRECOMPILE_PREFIX_HEADER = YES;
				GCC_PREFIX_HEADER = "Ratings/Ratings-Prefix.pch";
				INFOPLIST_FILE = "Ratings/Ratings-Info.plist";
				PRODUCT_NAME = "$(TARGET_NAME)";
				WRAPPER_EXTENSION = app;
			};
			name = Release;
		};
		EAB3B91719588DC7001E0360 /* Debug */ = {
			isa = XCBuildConfiguration;
			buildSettings = {
				BUNDLE_LOADER = "$(BUILT_PRODUCTS_DIR)/Ratings.app/Ratings";
				FRAMEWORK_SEARCH_PATHS = (
					"$(SDKROOT)/Developer/Library/Frameworks",
					"$(inherited)",
					"$(DEVELOPER_FRAMEWORKS_DIR)",
				);
				GCC_PRECOMPILE_PREFIX_HEADER = YES;
				GCC_PREFIX_HEADER = "Ratings/Ratings-Prefix.pch";
				GCC_PREPROCESSOR_DEFINITIONS = (
					"DEBUG=1",
					"$(inherited)",
				);
				INFOPLIST_FILE = "RatingsTests/RatingsTests-Info.plist";
				PRODUCT_NAME = "$(TARGET_NAME)";
				TEST_HOST = "$(BUNDLE_LOADER)";
				WRAPPER_EXTENSION = xctest;
			};
			name = Debug;
		};
		EAB3B91819588DC7001E0360 /* Release */ = {
			isa = XCBuildConfiguration;
			buildSettings = {
				BUNDLE_LOADER = "$(BUILT_PRODUCTS_DIR)/Ratings.app/Ratings";
				FRAMEWORK_SEARCH_PATHS = (
					"$(SDKROOT)/Developer/Library/Frameworks",
					"$(inherited)",
					"$(DEVELOPER_FRAMEWORKS_DIR)",
				);
				GCC_PRECOMPILE_PREFIX_HEADER = YES;
				GCC_PREFIX_HEADER = "Ratings/Ratings-Prefix.pch";
				INFOPLIST_FILE = "RatingsTests/RatingsTests-Info.plist";
				PRODUCT_NAME = "$(TARGET_NAME)";
				TEST_HOST = "$(BUNDLE_LOADER)";
				WRAPPER_EXTENSION = xctest;
			};
			name = Release;
		};
/* End XCBuildConfiguration section */

/* Begin XCConfigurationList section */
		EAB3B8DC19588DC7001E0360 /* Build configuration list for PBXProject "Ratings" */ = {
			isa = XCConfigurationList;
			buildConfigurations = (
				EAB3B91119588DC7001E0360 /* Debug */,
				EAB3B91219588DC7001E0360 /* Release */,
			);
			defaultConfigurationIsVisible = 0;
			defaultConfigurationName = Release;
		};
		EAB3B91319588DC7001E0360 /* Build configuration list for PBXNativeTarget "Ratings" */ = {
			isa = XCConfigurationList;
			buildConfigurations = (
				EAB3B91419588DC7001E0360 /* Debug */,
				EAB3B91519588DC7001E0360 /* Release */,
			);
			defaultConfigurationIsVisible = 0;
			defaultConfigurationName = Release;
		};
		EAB3B91619588DC7001E0360 /* Build configuration list for PBXNativeTarget "RatingsTests" */ = {
			isa = XCConfigurationList;
			buildConfigurations = (
				EAB3B91719588DC7001E0360 /* Debug */,
				EAB3B91819588DC7001E0360 /* Release */,
			);
			defaultConfigurationIsVisible = 0;
			defaultConfigurationName = Release;
		};
/* End XCConfigurationList section */
	};
	rootObject = EAB3B8D919588DC7001E0360 /* Project object */;
}
